
Microsoft Visual Studio Solution File, Format Version 12.00
# Visual Studio Version 16
VisualStudioVersion = 16.0.30002.166
MinimumVisualStudioVersion = 10.0.40219.1
Project("{FAE04EC0-301F-11D3-BF4B-00C04F79EFBC}") = "Stracciatella", "Stracciatella\Stracciatella.csproj", "{EAAFA0AC-E464-4FC4-9713-48AA9A6716FB}"
	ProjectSection(ProjectDependencies) = postProject
		{5054C13F-1351-47B9-A6CA-25F4548F68A7} = {5054C13F-1351-47B9-A6CA-25F4548F68A7}
		{1FF6D4A0-E8D6-4D9F-AE57-FB0DCAE6F8A6} = {1FF6D4A0-E8D6-4D9F-AE57-FB0DCAE6F8A6}
	EndProjectSection
EndProject
Project("{8BC9CEB8-8B4A-11D0-8D11-00A0C91BC942}") = "ClmDisableDll", "ClmDisableDll\ClmDisableDll.vcxproj", "{1FF6D4A0-E8D6-4D9F-AE57-FB0DCAE6F8A6}"
EndProject
Project("{FAE04EC0-301F-11D3-BF4B-00C04F79EFBC}") = "ClmDisableAssembly", "ClmDisableAssembly\ClmDisableAssembly.csproj", "{5054C13F-1351-47B9-A6CA-25F4548F68A7}"
EndProject
Global
	GlobalSection(SolutionConfigurationPlatforms) = preSolution
		Debug|Any CPU = Debug|Any CPU
		Debug|x64 = Debug|x64
		Debug|x86 = Debug|x86
		Release|Any CPU = Release|Any CPU
		Release|x64 = Release|x64
		Release|x86 = Release|x86
	EndGlobalSection
	GlobalSection(ProjectConfigurationPlatforms) = postSolution
		{EAAFA0AC-E464-4FC4-9713-48AA9A6716FB}.Debug|Any CPU.ActiveCfg = Debug|Any CPU
		{EAAFA0AC-E464-4FC4-9713-48AA9A6716FB}.Debug|Any CPU.Build.0 = Debug|Any CPU
		{EAAFA0AC-E464-4FC4-9713-48AA9A6716FB}.Debug|x64.ActiveCfg = Debug|Any CPU
		{EAAFA0AC-E464-4FC4-9713-48AA9A6716FB}.Debug|x64.Build.0 = Debug|Any CPU
		{EAAFA0AC-E464-4FC4-9713-48AA9A6716FB}.Debug|x86.ActiveCfg = Debug|Any CPU
		{EAAFA0AC-E464-4FC4-9713-48AA9A6716FB}.Debug|x86.Build.0 = Debug|Any CPU
		{EAAFA0AC-E464-4FC4-9713-48AA9A6716FB}.Release|Any CPU.ActiveCfg = Release|Any CPU
		{EAAFA0AC-E464-4FC4-9713-48AA9A6716FB}.Release|Any CPU.Build.0 = Release|Any CPU
		{EAAFA0AC-E464-4FC4-9713-48AA9A6716FB}.Release|x64.ActiveCfg = Release|Any CPU
		{EAAFA0AC-E464-4FC4-9713-48AA9A6716FB}.Release|x64.Build.0 = Release|Any CPU
		{EAAFA0AC-E464-4FC4-9713-48AA9A6716FB}.Release|x86.ActiveCfg = Release|Any CPU
		{EAAFA0AC-E464-4FC4-9713-48AA9A6716FB}.Release|x86.Build.0 = Release|Any CPU
		{1FF6D4A0-E8D6-4D9F-AE57-FB0DCAE6F8A6}.Debug|Any CPU.ActiveCfg = Debug|Win32
		{1FF6D4A0-E8D6-4D9F-AE57-FB0DCAE6F8A6}.Debug|Any CPU.Build.0 = Debug|Win32
		{1FF6D4A0-E8D6-4D9F-AE57-FB0DCAE6F8A6}.Debug|x64.ActiveCfg = Debug|x64
		{1FF6D4A0-E8D6-4D9F-AE57-FB0DCAE6F8A6}.Debug|x64.Build.0 = Debug|x64
		{1FF6D4A0-E8D6-4D9F-AE57-FB0DCAE6F8A6}.Debug|x86.ActiveCfg = Debug|Win32
		{1FF6D4A0-E8D6-4D9F-AE57-FB0DCAE6F8A6}.Debug|x86.Build.0 = Debug|Win32
		{1FF6D4A0-E8D6-4D9F-AE57-FB0DCAE6F8A6}.Release|Any CPU.ActiveCfg = Release|Win32
		{1FF6D4A0-E8D6-4D9F-AE57-FB0DCAE6F8A6}.Release|Any CPU.Build.0 = Release|Win32
		{1FF6D4A0-E8D6-4D9F-AE57-FB0DCAE6F8A6}.Release|x64.ActiveCfg = Release|x64
		{1FF6D4A0-E8D6-4D9F-AE57-FB0DCAE6F8A6}.Release|x64.Build.0 = Release|x64
		{1FF6D4A0-E8D6-4D9F-AE57-FB0DCAE6F8A6}.Release|x86.ActiveCfg = Release|Win32
		{1FF6D4A0-E8D6-4D9F-AE57-FB0DCAE6F8A6}.Release|x86.Build.0 = Release|Win32
		{5054C13F-1351-47B9-A6CA-25F4548F68A7}.Debug|Any CPU.ActiveCfg = Debug|Any CPU
		{5054C13F-1351-47B9-A6CA-25F4548F68A7}.Debug|Any CPU.Build.0 = Debug|Any CPU
		{5054C13F-1351-47B9-A6CA-25F4548F68A7}.Debug|x64.ActiveCfg = Debug|Any CPU
		{5054C13F-1351-47B9-A6CA-25F4548F68A7}.Debug|x64.Build.0 = Debug|Any CPU
		{5054C13F-1351-47B9-A6CA-25F4548F68A7}.Debug|x86.ActiveCfg = Debug|Any CPU
		{5054C13F-1351-47B9-A6CA-25F4548F68A7}.Debug|x86.Build.0 = Debug|Any CPU
		{5054C13F-1351-47B9-A6CA-25F4548F68A7}.Release|Any CPU.ActiveCfg = Release|Any CPU
		{5054C13F-1351-47B9-A6CA-25F4548F68A7}.Release|Any CPU.Build.0 = Release|Any CPU
		{5054C13F-1351-47B9-A6CA-25F4548F68A7}.Release|x64.ActiveCfg = Release|Any CPU
		{5054C13F-1351-47B9-A6CA-25F4548F68A7}.Release|x64.Build.0 = Release|Any CPU
		{5054C13F-1351-47B9-A6CA-25F4548F68A7}.Release|x86.ActiveCfg = Release|Any CPU
		{5054C13F-1351-47B9-A6CA-25F4548F68A7}.Release|x86.Build.0 = Release|Any CPU
	EndGlobalSection
	GlobalSection(SolutionProperties) = preSolution
		HideSolutionNode = FALSE
	EndGlobalSection
	GlobalSection(ExtensibilityGlobals) = postSolution
		SolutionGuid = {1154B3D3-39A5-4687-A246-E70587D3BE81}
	EndGlobalSection
EndGlobal
